
Microsoft Visual Studio Solution File, Format Version 12.00
# Visual Studio Version 17
VisualStudioVersion = 17.8.34511.84
MinimumVisualStudioVersion = 10.0.40219.1
Project("{FAE04EC0-301F-11D3-BF4B-00C04F79EFBC}") = "Prueba2", "Prueba2.csproj", "{7307EDBF-EFFB-4FCB-8C1C-124761CBB35D}"
EndProject
Global
	GlobalSection(SolutionConfigurationPlatforms) = preSolution
		Debug|Any CPU = Debug|Any CPU
		Release|Any CPU = Release|Any CPU
	EndGlobalSection
	GlobalSection(ProjectConfigurationPlatforms) = postSolution
		{7307EDBF-EFFB-4FCB-8C1C-124761CBB35D}.Debug|Any CPU.ActiveCfg = Debug|Any CPU
		{7307EDBF-EFFB-4FCB-8C1C-124761CBB35D}.Debug|Any CPU.Build.0 = Debug|Any CPU
		{7307EDBF-EFFB-4FCB-8C1C-124761CBB35D}.Release|Any CPU.ActiveCfg = Release|Any CPU
		{7307EDBF-EFFB-4FCB-8C1C-124761CBB35D}.Release|Any CPU.Build.0 = Release|Any CPU
	EndGlobalSection
	GlobalSection(SolutionProperties) = preSolution
		HideSolutionNode = FALSE
	EndGlobalSection
	GlobalSection(ExtensibilityGlobals) = postSolution
		SolutionGuid = {0DB0A570-676F-470F-8845-98D114C74DE3}
	EndGlobalSection
EndGlobal
